
Microsoft Visual Studio Solution File, Format Version 12.00
# Visual Studio Version 17
VisualStudioVersion = 17.0.31903.59
MinimumVisualStudioVersion = 10.0.40219.1
Project("{2150E333-8FDC-42A3-9474-1A3956D46DE8}") = "src", "src", "{85940568-E2FB-4632-B12D-EF10FAEF584E}"
EndProject
Project("{2150E333-8FDC-42A3-9474-1A3956D46DE8}") = "tests", "tests", "{6C27FEC9-7E70-497F-8789-9DB51E2D25F4}"
EndProject
Project("{FAE04EC0-301F-11D3-BF4B-00C04F79EFBC}") = "Entities", "src\Entities\Entities.csproj", "{D72A401E-8560-4687-A936-C331EAD5BF18}"
EndProject
Project("{FAE04EC0-301F-11D3-BF4B-00C04F79EFBC}") = "Persistence", "src\Persistence\Persistence.csproj", "{1E0705C9-ECB8-4073-BE4D-C6CF71B2016A}"
EndProject
Project("{FAE04EC0-301F-11D3-BF4B-00C04F79EFBC}") = "Unit", "tests\Unit\Unit.csproj", "{C5939FF0-BFCE-4DDA-973B-3294903D624B}"
EndProject
Project("{FAE04EC0-301F-11D3-BF4B-00C04F79EFBC}") = "Integration", "tests\Integration\Integration.csproj", "{B74E0235-0E0E-4923-A397-917595C5605E}"
EndProject
Project("{2150E333-8FDC-42A3-9474-1A3956D46DE8}") = "sample", "sample", "{3BC648E9-0EF8-4A23-964E-55CB1926413A}"
EndProject
Project("{FAE04EC0-301F-11D3-BF4B-00C04F79EFBC}") = "TestConsole", "sample\TestConsole\TestConsole.csproj", "{1A00DDF3-3AFC-4492-9ACD-602EBF167FA9}"
EndProject
Global
	GlobalSection(SolutionConfigurationPlatforms) = preSolution
		Debug|Any CPU = Debug|Any CPU
		Release|Any CPU = Release|Any CPU
	EndGlobalSection
	GlobalSection(SolutionProperties) = preSolution
		HideSolutionNode = FALSE
	EndGlobalSection
	GlobalSection(NestedProjects) = preSolution
		{D72A401E-8560-4687-A936-C331EAD5BF18} = {85940568-E2FB-4632-B12D-EF10FAEF584E}
		{1E0705C9-ECB8-4073-BE4D-C6CF71B2016A} = {85940568-E2FB-4632-B12D-EF10FAEF584E}
		{C5939FF0-BFCE-4DDA-973B-3294903D624B} = {6C27FEC9-7E70-497F-8789-9DB51E2D25F4}
		{B74E0235-0E0E-4923-A397-917595C5605E} = {6C27FEC9-7E70-497F-8789-9DB51E2D25F4}
		{1A00DDF3-3AFC-4492-9ACD-602EBF167FA9} = {3BC648E9-0EF8-4A23-964E-55CB1926413A}
	EndGlobalSection
	GlobalSection(ProjectConfigurationPlatforms) = postSolution
		{D72A401E-8560-4687-A936-C331EAD5BF18}.Debug|Any CPU.ActiveCfg = Debug|Any CPU
		{D72A401E-8560-4687-A936-C331EAD5BF18}.Debug|Any CPU.Build.0 = Debug|Any CPU
		{D72A401E-8560-4687-A936-C331EAD5BF18}.Release|Any CPU.ActiveCfg = Release|Any CPU
		{D72A401E-8560-4687-A936-C331EAD5BF18}.Release|Any CPU.Build.0 = Release|Any CPU
		{1E0705C9-ECB8-4073-BE4D-C6CF71B2016A}.Debug|Any CPU.ActiveCfg = Debug|Any CPU
		{1E0705C9-ECB8-4073-BE4D-C6CF71B2016A}.Debug|Any CPU.Build.0 = Debug|Any CPU
		{1E0705C9-ECB8-4073-BE4D-C6CF71B2016A}.Release|Any CPU.ActiveCfg = Release|Any CPU
		{1E0705C9-ECB8-4073-BE4D-C6CF71B2016A}.Release|Any CPU.Build.0 = Release|Any CPU
		{C5939FF0-BFCE-4DDA-973B-3294903D624B}.Debug|Any CPU.ActiveCfg = Debug|Any CPU
		{C5939FF0-BFCE-4DDA-973B-3294903D624B}.Debug|Any CPU.Build.0 = Debug|Any CPU
		{C5939FF0-BFCE-4DDA-973B-3294903D624B}.Release|Any CPU.ActiveCfg = Release|Any CPU
		{C5939FF0-BFCE-4DDA-973B-3294903D624B}.Release|Any CPU.Build.0 = Release|Any CPU
		{B74E0235-0E0E-4923-A397-917595C5605E}.Debug|Any CPU.ActiveCfg = Debug|Any CPU
		{B74E0235-0E0E-4923-A397-917595C5605E}.Debug|Any CPU.Build.0 = Debug|Any CPU
		{B74E0235-0E0E-4923-A397-917595C5605E}.Release|Any CPU.ActiveCfg = Release|Any CPU
		{B74E0235-0E0E-4923-A397-917595C5605E}.Release|Any CPU.Build.0 = Release|Any CPU
		{1A00DDF3-3AFC-4492-9ACD-602EBF167FA9}.Debug|Any CPU.ActiveCfg = Debug|Any CPU
		{1A00DDF3-3AFC-4492-9ACD-602EBF167FA9}.Debug|Any CPU.Build.0 = Debug|Any CPU
		{1A00DDF3-3AFC-4492-9ACD-602EBF167FA9}.Release|Any CPU.ActiveCfg = Release|Any CPU
		{1A00DDF3-3AFC-4492-9ACD-602EBF167FA9}.Release|Any CPU.Build.0 = Release|Any CPU
	EndGlobalSection
EndGlobal
